Microsoft Visual Studio Solution File, Format Version 12.00
# Visual Studio Version 17
VisualStudioVersion = 17.5.2.0
MinimumVisualStudioVersion = 10.0.40219.1
Project("{FAE04EC0-301F-11D3-BF4B-00C04F79EFBC}") = "tao_project", "tao_project.csproj", "{3FC9DEB1-9465-D5AD-1248-E3439AC5C701}"
EndProject
Global
	GlobalSection(SolutionConfigurationPlatforms) = preSolution
		Debug|Any CPU = Debug|Any CPU
		Release|Any CPU = Release|Any CPU
	EndGlobalSection
	GlobalSection(ProjectConfigurationPlatforms) = postSolution
		{3FC9DEB1-9465-D5AD-1248-E3439AC5C701}.Debug|Any CPU.ActiveCfg = Debug|Any CPU
		{3FC9DEB1-9465-D5AD-1248-E3439AC5C701}.Debug|Any CPU.Build.0 = Debug|Any CPU
		{3FC9DEB1-9465-D5AD-1248-E3439AC5C701}.Release|Any CPU.ActiveCfg = Release|Any CPU
		{3FC9DEB1-9465-D5AD-1248-E3439AC5C701}.Release|Any CPU.Build.0 = Release|Any CPU
	EndGlobalSection
	GlobalSection(SolutionProperties) = preSolution
		HideSolutionNode = FALSE
	EndGlobalSection
	GlobalSection(ExtensibilityGlobals) = postSolution
		SolutionGuid = {AD1C49F4-6C61-4795-B8D1-1FF637A5C2B7}
	EndGlobalSection
EndGlobal
